
Microsoft Visual Studio Solution File, Format Version 12.00
# Visual Studio Version 17
VisualStudioVersion = 17.3.32901.215
MinimumVisualStudioVersion = 10.0.40219.1
Project("{FAE04EC0-301F-11D3-BF4B-00C04F79EFBC}") = "Lab2Task3", "Lab2Task3.csproj", "{726B3357-DEFC-4088-BB4D-755DD332DF60}"
EndProject
Global
	GlobalSection(SolutionConfigurationPlatforms) = preSolution
		Debug|Any CPU = Debug|Any CPU
		Release|Any CPU = Release|Any CPU
	EndGlobalSection
	GlobalSection(ProjectConfigurationPlatforms) = postSolution
		{726B3357-DEFC-4088-BB4D-755DD332DF60}.Debug|Any CPU.ActiveCfg = Debug|Any CPU
		{726B3357-DEFC-4088-BB4D-755DD332DF60}.Debug|Any CPU.Build.0 = Debug|Any CPU
		{726B3357-DEFC-4088-BB4D-755DD332DF60}.Release|Any CPU.ActiveCfg = Release|Any CPU
		{726B3357-DEFC-4088-BB4D-755DD332DF60}.Release|Any CPU.Build.0 = Release|Any CPU
	EndGlobalSection
	GlobalSection(SolutionProperties) = preSolution
		HideSolutionNode = FALSE
	EndGlobalSection
	GlobalSection(ExtensibilityGlobals) = postSolution
		SolutionGuid = {74DD2CA0-75E9-4660-ABED-39479A1DBA14}
	EndGlobalSection
EndGlobal
